// !$*UTF8*$!
{
	archiveVersion = 1;
	classes = {
	};
	objectVersion = 50;
	objects = {

/* Begin PBXBuildFile section */
		91319D1C7F7C9D9EC71A7E4E /* Pods_rutgersMap.framework in Frameworks */ = {isa = PBXBuildFile; fileRef = 6F3DB4BB7DC722797A64E47C /* Pods_rutgersMap.framework */; };
		DD4003EE215DBEC600B4E8A1 /* AppDelegate.swift in Sources */ = {isa = PBXBuildFile; fileRef = DD4003ED215DBEC600B4E8A1 /* AppDelegate.swift */; };
		DD4003F0215DBEC600B4E8A1 /* FirstViewController.swift in Sources */ = {isa = PBXBuildFile; fileRef = DD4003EF215DBEC600B4E8A1 /* FirstViewController.swift */; };
		DD4003F2215DBEC600B4E8A1 /* SecondViewController.swift in Sources */ = {isa = PBXBuildFile; fileRef = DD4003F1215DBEC600B4E8A1 /* SecondViewController.swift */; };
		DD4003F5215DBEC600B4E8A1 /* Main.storyboard in Resources */ = {isa = PBXBuildFile; fileRef = DD4003F3215DBEC600B4E8A1 /* Main.storyboard */; };
		DD4003F7215DBEC700B4E8A1 /* Assets.xcassets in Resources */ = {isa = PBXBuildFile; fileRef = DD4003F6215DBEC700B4E8A1 /* Assets.xcassets */; };
		DD4003FA215DBEC700B4E8A1 /* LaunchScreen.storyboard in Resources */ = {isa = PBXBuildFile; fileRef = DD4003F8215DBEC700B4E8A1 /* LaunchScreen.storyboard */; };
		DD400402215DC3A800B4E8A1 /* image2.png in Resources */ = {isa = PBXBuildFile; fileRef = DD400401215DC3A800B4E8A1 /* image2.png */; };
		DD400404215DC3F300B4E8A1 /* style.json in Resources */ = {isa = PBXBuildFile; fileRef = DD400403215DC3F300B4E8A1 /* style.json */; };
/* End PBXBuildFile section */

/* Begin PBXFileReference section */
		44275909DD4EBB635398C8F0 /* Pods-rutgersMap.debug.xcconfig */ = {isa = PBXFileReference; includeInIndex = 1; lastKnownFileType = text.xcconfig; name = "Pods-rutgersMap.debug.xcconfig"; path = "Pods/Target Support Files/Pods-rutgersMap/Pods-rutgersMap.debug.xcconfig"; sourceTree = "<group>"; };
		6F3DB4BB7DC722797A64E47C /* Pods_rutgersMap.framework */ = {isa = PBXFileReference; explicitFileType = wrapper.framework; includeInIndex = 0; path = Pods_rutgersMap.framework; sourceTree = BUILT_PRODUCTS_DIR; };
		DD4003EA215DBEC600B4E8A1 /* rutgersMap.app */ = {isa = PBXFileReference; explicitFileType = wrapper.application; includeInIndex = 0; path = rutgersMap.app; sourceTree = BUILT_PRODUCTS_DIR; };
		DD4003ED215DBEC600B4E8A1 /* AppDelegate.swift */ = {isa = PBXFileReference; lastKnownFileType = sourcecode.swift; path = AppDelegate.swift; sourceTree = "<group>"; };
		DD4003EF215DBEC600B4E8A1 /* FirstViewController.swift */ = {isa = PBXFileReference; lastKnownFileType = sourcecode.swift; path = FirstViewController.swift; sourceTree = "<group>"; };
		DD4003F1215DBEC600B4E8A1 /* SecondViewController.swift */ = {isa = PBXFileReference; lastKnownFileType = sourcecode.swift; path = SecondViewController.swift; sourceTree = "<group>"; };
		DD4003F4215DBEC600B4E8A1 /* Base */ = {isa = PBXFileReference; lastKnownFileType = file.storyboard; name = Base; path = Base.lproj/Main.storyboard; sourceTree = "<group>"; };
		DD4003F6215DBEC700B4E8A1 /* Assets.xcassets */ = {isa = PBXFileReference; lastKnownFileType = folder.assetcatalog; path = Assets.xcassets; sourceTree = "<group>"; };
		DD4003F9215DBEC700B4E8A1 /* Base */ = {isa = PBXFileReference; lastKnownFileType = file.storyboard; name = Base; path = Base.lproj/LaunchScreen.storyboard; sourceTree = "<group>"; };
		DD4003FB215DBEC700B4E8A1 /* Info.plist */ = {isa = PBXFileReference; lastKnownFileType = text.plist.xml; path = Info.plist; sourceTree = "<group>"; };
		DD400401215DC3A800B4E8A1 /* image2.png */ = {isa = PBXFileReference; lastKnownFileType = image.png; path = image2.png; sourceTree = SOURCE_ROOT; };
		DD400403215DC3F300B4E8A1 /* style.json */ = {isa = PBXFileReference; fileEncoding = 4; lastKnownFileType = text.json; path = style.json; sourceTree = SOURCE_ROOT; };
		F7E5520D2D656AA16F92778C /* Pods-rutgersMap.release.xcconfig */ = {isa = PBXFileReference; includeInIndex = 1; lastKnownFileType = text.xcconfig; name = "Pods-rutgersMap.release.xcconfig"; path = "Pods/Target Support Files/Pods-rutgersMap/Pods-rutgersMap.release.xcconfig"; sourceTree = "<group>"; };
/* End PBXFileReference section */

/* Begin PBXFrameworksBuildPhase section */
		DD4003E7215DBEC600B4E8A1 /* Frameworks */ = {
			isa = PBXFrameworksBuildPhase;
			buildActionMask = 2147483647;
			files = (
				91319D1C7F7C9D9EC71A7E4E /* Pods_rutgersMap.framework in Frameworks */,
			);
			runOnlyForDeploymentPostprocessing = 0;
		};
/* End PBXFrameworksBuildPhase section */

/* Begin PBXGroup section */
		15AFC15F8D05DBE4310EDD91 /* Pods */ = {
			isa = PBXGroup;
			children = (
				44275909DD4EBB635398C8F0 /* Pods-rutgersMap.debug.xcconfig */,
				F7E5520D2D656AA16F92778C /* Pods-rutgersMap.release.xcconfig */,
			);
			name = Pods;
			sourceTree = "<group>";
		};
		5A334C4AC6E3467E63386C99 /* Frameworks */ = {
			isa = PBXGroup;
			children = (
				6F3DB4BB7DC722797A64E47C /* Pods_rutgersMap.framework */,
			);
			name = Frameworks;
			sourceTree = "<group>";
		};
		DD4003E1215DBEC600B4E8A1 = {
			isa = PBXGroup;
			children = (
				DD4003EC215DBEC600B4E8A1 /* rutgersMap */,
				DD4003EB215DBEC600B4E8A1 /* Products */,
				15AFC15F8D05DBE4310EDD91 /* Pods */,
				5A334C4AC6E3467E63386C99 /* Frameworks */,
			);
			sourceTree = "<group>";
		};
		DD4003EB215DBEC600B4E8A1 /* Products */ = {
			isa = PBXGroup;
			children = (
				DD4003EA215DBEC600B4E8A1 /* rutgersMap.app */,
			);
			name = Products;
			sourceTree = "<group>";
		};
		DD4003EC215DBEC600B4E8A1 /* rutgersMap */ = {
			isa = PBXGroup;
			children = (
				DD4003ED215DBEC600B4E8A1 /* AppDelegate.swift */,
				DD4003EF215DBEC600B4E8A1 /* FirstViewController.swift */,
				DD400403215DC3F300B4E8A1 /* style.json */,
				DD4003F1215DBEC600B4E8A1 /* SecondViewController.swift */,
				DD4003F3215DBEC600B4E8A1 /* Main.storyboard */,
				DD400401215DC3A800B4E8A1 /* image2.png */,
				DD4003F6215DBEC700B4E8A1 /* Assets.xcassets */,
				DD4003F8215DBEC700B4E8A1 /* LaunchScreen.storyboard */,
				DD4003FB215DBEC700B4E8A1 /* Info.plist */,
			);
			path = rutgersMap;
			sourceTree = "<group>";
		};
/* End PBXGroup section */

/* Begin PBXNativeTarget section */
		DD4003E9215DBEC600B4E8A1 /* rutgersMap */ = {
			isa = PBXNativeTarget;
			buildConfigurationList = DD4003FE215DBEC700B4E8A1 /* Build configuration list for PBXNativeTarget "rutgersMap" */;
			buildPhases = (
				56FFC636373F38923C87E830 /* [CP] Check Pods Manifest.lock */,
				DD4003E6215DBEC600B4E8A1 /* Sources */,
				DD4003E7215DBEC600B4E8A1 /* Frameworks */,
				DD4003E8215DBEC600B4E8A1 /* Resources */,
				3FB12D4944288AB1E25565B6 /* [CP] Copy Pods Resources */,
				9CC9549725360272266EA64A /* [CP] Embed Pods Frameworks */,
			);
			buildRules = (
			);
			dependencies = (
			);
			name = rutgersMap;
			productName = rutgersMap;
			productReference = DD4003EA215DBEC600B4E8A1 /* rutgersMap.app */;
			productType = "com.apple.product-type.application";
		};
/* End PBXNativeTarget section */

/* Begin PBXProject section */
		DD4003E2215DBEC600B4E8A1 /* Project object */ = {
			isa = PBXProject;
			attributes = {
				LastSwiftUpdateCheck = 1000;
				LastUpgradeCheck = 1000;
				ORGANIZATIONNAME = "Wahhaj Zahedi";
				TargetAttributes = {
					DD4003E9215DBEC600B4E8A1 = {
						CreatedOnToolsVersion = 10.0;
					};
				};
			};
			buildConfigurationList = DD4003E5215DBEC600B4E8A1 /* Build configuration list for PBXProject "rutgersMap" */;
			compatibilityVersion = "Xcode 9.3";
			developmentRegion = en;
			hasScannedForEncodings = 0;
			knownRegions = (
				en,
				Base,
			);
			mainGroup = DD4003E1215DBEC600B4E8A1;
			productRefGroup = DD4003EB215DBEC600B4E8A1 /* Products */;
			projectDirPath = "";
			projectRoot = "";
			targets = (
				DD4003E9215DBEC600B4E8A1 /* rutgersMap */,
			);
		};
/* End PBXProject section */

/* Begin PBXResourcesBuildPhase section */
		DD4003E8215DBEC600B4E8A1 /* Resources */ = {
			isa = PBXResourcesBuildPhase;
			buildActionMask = 2147483647;
			files = (
				DD4003FA215DBEC700B4E8A1 /* LaunchScreen.storyboard in Resources */,
				DD4003F7215DBEC700B4E8A1 /* Assets.xcassets in Resources */,
				DD400402215DC3A800B4E8A1 /* image2.png in Resources */,
				DD400404215DC3F300B4E8A1 /* style.json in Resources */,
				DD4003F5215DBEC600B4E8A1 /* Main.storyboard in Resources */,
			);
			runOnlyForDeploymentPostprocessing = 0;
		};
/* End PBXResourcesBuildPhase section */

/* Begin PBXShellScriptBuildPhase section */
		3FB12D4944288AB1E25565B6 /* [CP] Copy Pods Resources */ = {
			isa = PBXShellScriptBuildPhase;
			buildActionMask = 2147483647;
			files = (
			);
			inputPaths = (
				"${SRCROOT}/Pods/Target Support Files/Pods-rutgersMap/Pods-rutgersMap-resources.sh",
				"${PODS_ROOT}/GoogleMaps/Maps/Frameworks/GoogleMaps.framework/Resources/GoogleMaps.bundle",
			);
			name = "[CP] Copy Pods Resources";
			outputPaths = (
				"${TARGET_BUILD_DIR}/${UNLOCALIZED_RESOURCES_FOLDER_PATH}/GoogleMaps.bundle",
			);
			runOnlyForDeploymentPostprocessing = 0;
			shellPath = /bin/sh;
			shellScript = "\"${SRCROOT}/Pods/Target Support Files/Pods-rutgersMap/Pods-rutgersMap-resources.sh\"\n";
			showEnvVarsInLog = 0;
		};
		56FFC636373F38923C87E830 /* [CP] Check Pods Manifest.lock */ = {
			isa = PBXShellScriptBuildPhase;
			buildActionMask = 2147483647;
			files = (
			);
			inputPaths = (
				"${PODS_PODFILE_DIR_PATH}/Podfile.lock",
				"${PODS_ROOT}/Manifest.lock",
			);
			name = "[CP] Check Pods Manifest.lock";
			outputPaths = (
				"$(DERIVED_FILE_DIR)/Pods-rutgersMap-checkManifestLockResult.txt",
			);
			runOnlyForDeploymentPostprocessing = 0;
			shellPath = /bin/sh;
			shellScript = "diff \"${PODS_PODFILE_DIR_PATH}/Podfile.lock\" \"${PODS_ROOT}/Manifest.lock\" > /dev/null\nif [ $? != 0 ] ; then\n    # print error to STDERR\n    echo \"error: The sandbox is not in sync with the Podfile.lock. Run 'pod install' or update your CocoaPods installation.\" >&2\n    exit 1\nfi\n# This output is used by Xcode 'outputs' to avoid re-running this script phase.\necho \"SUCCESS\" > \"${SCRIPT_OUTPUT_FILE_0}\"\n";
			showEnvVarsInLog = 0;
		};
		9CC9549725360272266EA64A /* [CP] Embed Pods Frameworks */ = {
			isa = PBXShellScriptBuildPhase;
			buildActionMask = 2147483647;
			files = (
			);
			inputPaths = (
				"${SRCROOT}/Pods/Target Support Files/Pods-rutgersMap/Pods-rutgersMap-frameworks.sh",
				"${BUILT_PRODUCTS_DIR}/DynamicButton/DynamicButton.framework",
			);
			name = "[CP] Embed Pods Frameworks";
			outputPaths = (
				"${TARGET_BUILD_DIR}/${FRAMEWORKS_FOLDER_PATH}/DynamicButton.framework",
			);
			runOnlyForDeploymentPostprocessing = 0;
			shellPath = /bin/sh;
			shellScript = "\"${SRCROOT}/Pods/Target Support Files/Pods-rutgersMap/Pods-rutgersMap-frameworks.sh\"\n";
			showEnvVarsInLog = 0;
		};
/* End PBXShellScriptBuildPhase section */

/* Begin PBXSourcesBuildPhase section */
		DD4003E6215DBEC600B4E8A1 /* Sources */ = {
			isa = PBXSourcesBuildPhase;
			buildActionMask = 2147483647;
			files = (
				DD4003F2215DBEC600B4E8A1 /* SecondViewController.swift in Sources */,
				DD4003EE215DBEC600B4E8A1 /* AppDelegate.swift in Sources */,
				DD4003F0215DBEC600B4E8A1 /* FirstViewController.swift in Sources */,
			);
			runOnlyForDeploymentPostprocessing = 0;
		};
/* End PBXSourcesBuildPhase section */

/* Begin PBXVariantGroup section */
		DD4003F3215DBEC600B4E8A1 /* Main.storyboard */ = {
			isa = PBXVariantGroup;
			children = (
				DD4003F4215DBEC600B4E8A1 /* Base */,
			);
			name = Main.storyboard;
			sourceTree = "<group>";
		};
		DD4003F8215DBEC700B4E8A1 /* LaunchScreen.storyboard */ = {
			isa = PBXVariantGroup;
			children = (
				DD4003F9215DBEC700B4E8A1 /* Base */,
			);
			name = LaunchScreen.storyboard;
			sourceTree = "<group>";
		};
/* End PBXVariantGroup section */

/* Begin XCBuildConfiguration section */
		DD4003FC215DBEC700B4E8A1 /* Debug */ = {
			isa = XCBuildConfiguration;
			buildSettings = {
				ALWAYS_SEARCH_USER_PATHS = NO;
				CLANG_ANALYZER_NONNULL = YES;
				CLANG_ANALYZER_NUMBER_OBJECT_CONVERSION = YES_AGGRESSIVE;
				CLANG_CXX_LANGUAGE_STANDARD = "gnu++14";
				CLANG_CXX_LIBRARY = "libc++";
				CLANG_ENABLE_MODULES = YES;
				CLANG_ENABLE_OBJC_ARC = YES;
				CLANG_ENABLE_OBJC_WEAK = YES;
				CLANG_WARN_BLOCK_CAPTURE_AUTORELEASING = YES;
				CLANG_WARN_BOOL_CONVERSION = YES;
				CLANG_WARN_COMMA = YES;
				CLANG_WARN_CONSTANT_CONVERSION = YES;
				CLANG_WARN_DEPRECATED_OBJC_IMPLEMENTATIONS = YES;
				CLANG_WARN_DIRECT_OBJC_ISA_USAGE = YES_ERROR;
				CLANG_WARN_DOCUMENTATION_COMMENTS = YES;
				CLANG_WARN_EMPTY_BODY = YES;
				CLANG_WARN_ENUM_CONVERSION = YES;
				CLANG_WARN_INFINITE_RECURSION = YES;
				CLANG_WARN_INT_CONVERSION = YES;
				CLANG_WARN_NON_LITERAL_NULL_CONVERSION = YES;
				CLANG_WARN_OBJC_IMPLICIT_RETAIN_SELF = YES;
				CLANG_WARN_OBJC_LITERAL_CONVERSION = YES;
				CLANG_WARN_OBJC_ROOT_CLASS = YES_ERROR;
				CLANG_WARN_RANGE_LOOP_ANALYSIS = YES;
				CLANG_WARN_STRICT_PROTOTYPES = YES;
				CLANG_WARN_SUSPICIOUS_MOVE = YES;
				CLANG_WARN_UNGUARDED_AVAILABILITY = YES_AGGRESSIVE;
				CLANG_WARN_UNREACHABLE_CODE = YES;
				CLANG_WARN__DUPLICATE_METHOD_MATCH = YES;
				CODE_SIGN_IDENTITY = "iPhone Developer";
				COPY_PHASE_STRIP = NO;
				DEBUG_INFORMATION_FORMAT = dwarf;
				ENABLE_STRICT_OBJC_MSGSEND = YES;
				ENABLE_TESTABILITY = YES;
				GCC_C_LANGUAGE_STANDARD = gnu11;
				GCC_DYNAMIC_NO_PIC = NO;
				GCC_NO_COMMON_BLOCKS = YES;
				GCC_OPTIMIZATION_LEVEL = 0;
				GCC_PREPROCESSOR_DEFINITIONS = (
					"DEBUG=1",
					"$(inherited)",
				);
				GCC_WARN_64_TO_32_BIT_CONVERSION = YES;
				GCC_WARN_ABOUT_RETURN_TYPE = YES_ERROR;
				GCC_WARN_UNDECLARED_SELECTOR = YES;
				GCC_WARN_UNINITIALIZED_AUTOS = YES_AGGRESSIVE;
				GCC_WARN_UNUSED_FUNCTION = YES;
				GCC_WARN_UNUSED_VARIABLE = YES;
				IPHONEOS_DEPLOYMENT_TARGET = 12.0;
				MTL_ENABLE_DEBUG_INFO = INCLUDE_SOURCE;
				MTL_FAST_MATH = YES;
				ONLY_ACTIVE_ARCH = YES;
				SDKROOT = iphoneos;
				SWIFT_ACTIVE_COMPILATION_CONDITIONS = DEBUG;
				SWIFT_OPTIMIZATION_LEVEL = "-Onone";
			};
			name = Debug;
		};
		DD4003FD215DBEC700B4E8A1 /* Release */ = {
			isa = XCBuildConfiguration;
			buildSettings = {
				ALWAYS_SEARCH_USER_PATHS = NO;
				CLANG_ANALYZER_NONNULL = YES;
				CLANG_ANALYZER_NUMBER_OBJECT_CONVERSION = YES_AGGRESSIVE;
				CLANG_CXX_LANGUAGE_STANDARD = "gnu++14";
				CLANG_CXX_LIBRARY = "libc++";
				CLANG_ENABLE_MODULES = YES;
				CLANG_ENABLE_OBJC_ARC = YES;
				CLANG_ENABLE_OBJC_WEAK = YES;
				CLANG_WARN_BLOCK_CAPTURE_AUTORELEASING = YES;
				CLANG_WARN_BOOL_CONVERSION = YES;
				CLANG_WARN_COMMA = YES;
				CLANG_WARN_CONSTANT_CONVERSION = YES;
				CLANG_WARN_DEPRECATED_OBJC_IMPLEMENTATIONS = YES;
				CLANG_WARN_DIRECT_OBJC_ISA_USAGE = YES_ERROR;
				CLANG_WARN_DOCUMENTATION_COMMENTS = YES;
				CLANG_WARN_EMPTY_BODY = YES;
				CLANG_WARN_ENUM_CONVERSION = YES;
				CLANG_WARN_INFINITE_RECURSION = YES;
				CLANG_WARN_INT_CONVERSION = YES;
				CLANG_WARN_NON_LITERAL_NULL_CONVERSION = YES;
				CLANG_WARN_OBJC_IMPLICIT_RETAIN_SELF = YES;
				CLANG_WARN_OBJC_LITERAL_CONVERSION = YES;
				CLANG_WARN_OBJC_ROOT_CLASS = YES_ERROR;
				CLANG_WARN_RANGE_LOOP_ANALYSIS = YES;
				CLANG_WARN_STRICT_PROTOTYPES = YES;
				CLANG_WARN_SUSPICIOUS_MOVE = YES;
				CLANG_WARN_UNGUARDED_AVAILABILITY = YES_AGGRESSIVE;
				CLANG_WARN_UNREACHABLE_CODE = YES;
				CLANG_WARN__DUPLICATE_METHOD_MATCH = YES;
				CODE_SIGN_IDENTITY = "iPhone Developer";
				COPY_PHASE_STRIP = NO;
				DEBUG_INFORMATION_FORMAT = "dwarf-with-dsym";
				ENABLE_NS_ASSERTIONS = NO;
				ENABLE_STRICT_OBJC_MSGSEND = YES;
				GCC_C_LANGUAGE_STANDARD = gnu11;
				GCC_NO_COMMON_BLOCKS = YES;
				GCC_WARN_64_TO_32_BIT_CONVERSION = YES;
				GCC_WARN_ABOUT_RETURN_TYPE = YES_ERROR;
				GCC_WARN_UNDECLARED_SELECTOR = YES;
				GCC_WARN_UNINITIALIZED_AUTOS = YES_AGGRESSIVE;
				GCC_WARN_UNUSED_FUNCTION = YES;
				GCC_WARN_UNUSED_VARIABLE = YES;
				IPHONEOS_DEPLOYMENT_TARGET = 12.0;
				MTL_ENABLE_DEBUG_INFO = NO;
				MTL_FAST_MATH = YES;
				SDKROOT = iphoneos;
				SWIFT_COMPILATION_MODE = wholemodule;
				SWIFT_OPTIMIZATION_LEVEL = "-O";
				VALIDATE_PRODUCT = YES;
			};
			name = Release;
		};
		DD4003FF215DBEC700B4E8A1 /* Debug */ = {
			isa = XCBuildConfiguration;
			baseConfigurationReference = 44275909DD4EBB635398C8F0 /* Pods-rutgersMap.debug.xcconfig */;
			buildSettings = {
				ASSETCATALOG_COMPILER_APPICON_NAME = AppIcon;
				CODE_SIGN_STYLE = Automatic;
				DEVELOPMENT_TEAM = 3Q7WVT8LA3;
				INFOPLIST_FILE = rutgersMap/Info.plist;
				LD_RUNPATH_SEARCH_PATHS = (
					"$(inherited)",
					"@executable_path/Frameworks",
				);
				PRODUCT_BUNDLE_IDENTIFIER = com.wahhajz.rutgersMap;
				PRODUCT_NAME = "$(TARGET_NAME)";
				SWIFT_VERSION = 4.2;
				TARGETED_DEVICE_FAMILY = 1;
			};
			name = Debug;
		};
		DD400400215DBEC700B4E8A1 /* Release */ = {
			isa = XCBuildConfiguration;
			baseConfigurationReference = F7E5520D2D656AA16F92778C /* Pods-rutgersMap.release.xcconfig */;
			buildSettings = {
				ASSETCATALOG_COMPILER_APPICON_NAME = AppIcon;
				CODE_SIGN_STYLE = Automatic;
				DEVELOPMENT_TEAM = 3Q7WVT8LA3;
				INFOPLIST_FILE = rutgersMap/Info.plist;
				LD_RUNPATH_SEARCH_PATHS = (
					"$(inherited)",
					"@executable_path/Frameworks",
				);
				PRODUCT_BUNDLE_IDENTIFIER = com.wahhajz.rutgersMap;
				PRODUCT_NAME = "$(TARGET_NAME)";
				SWIFT_VERSION = 4.2;
				TARGETED_DEVICE_FAMILY = 1;
			};
			name = Release;
		};
/* End XCBuildConfiguration section */

/* Begin XCConfigurationList section */
		DD4003E5215DBEC600B4E8A1 /* Build configuration list for PBXProject "rutgersMap" */ = {
			isa = XCConfigurationList;
			buildConfigurations = (
				DD4003FC215DBEC700B4E8A1 /* Debug */,
				DD4003FD215DBEC700B4E8A1 /* Release */,
			);
			defaultConfigurationIsVisible = 0;
			defaultConfigurationName = Release;
		};
		DD4003FE215DBEC700B4E8A1 /* Build configuration list for PBXNativeTarget "rutgersMap" */ = {
			isa = XCConfigurationList;
			buildConfigurations = (
				DD4003FF215DBEC700B4E8A1 /* Debug */,
				DD400400215DBEC700B4E8A1 /* Release */,
			);
			defaultConfigurationIsVisible = 0;
			defaultConfigurationName = Release;
		};
/* End XCConfigurationList section */
	};
	rootObject = DD4003E2215DBEC600B4E8A1 /* Project object */;
}
